<Solution>
  <Project Path="../FirstThingsFirst.Application/FirstThingsFirst.Application.csproj" />
  <Project Path="../FirstThingsFirst.Core/FirstThingsFirst.Core.csproj" />
  <Project Path="../FirstThingsFirst.Infrastructure/FirstThingsFirst.Infrastructure.csproj" />
  <Project Path="../irstThingsFirst.Persistence/FirstThingsFirst.Persistence.csproj" />
  <Project Path="FirstThingsFirst.Api.csproj" />
</Solution>
